Microsoft Visual Studio Solution File, Format Version 12.00
# Visual Studio Version 16
VisualStudioVersion = 16.0.28803.202
MinimumVisualStudioVersion = 15.0.26124.0
Project("{2150E333-8FDC-42A3-9474-1A3956D46DE8}") = "Solution Items", "Solution Items", "{14B849D1-0F45-4449-B3F6-A1A920B3C442}"
	ProjectSection(SolutionItems) = preProject
		.editorconfig = .editorconfig
		.gitattributes = .gitattributes
		.gitignore = .gitignore
		build.cmd = build.cmd
		build.sh = build.sh
		CMakeLists.txt = CMakeLists.txt
		Directory.Build.props = Directory.Build.props
		Directory.Build.targets = Directory.Build.targets
		LICENSE.txt = LICENSE.txt
		NOTICE.txt = NOTICE.txt
		pack.cmd = pack.cmd
		pack.sh = pack.sh
		README.md = README.md
		restore.cmd = restore.cmd
		restore.sh = restore.sh
		test.cmd = test.cmd
		test.sh = test.sh
	EndProjectSection
EndProject
Project("{2150E333-8FDC-42A3-9474-1A3956D46DE8}") = "sources", "sources", "{732BA761-B58E-4C34-9C96-097382A55A7A}"
	ProjectSection(SolutionItems) = preProject
		sources\CMakeLists.txt = sources\CMakeLists.txt
		sources\Directory.Build.props = sources\Directory.Build.props
		sources\Directory.Build.targets = sources\Directory.Build.targets
	EndProjectSection
EndProject
Project("{9A19103F-16F7-4668-BE54-9A1E7A4F7556}") = "ClangSharp", "sources\ClangSharp\ClangSharp.csproj", "{A9D62BAC-5F38-4A37-8911-1F5952955C78}"
EndProject
Project("{9A19103F-16F7-4668-BE54-9A1E7A4F7556}") = "ClangSharp.PInvokeGenerator", "sources\ClangSharp.PInvokeGenerator\ClangSharp.PInvokeGenerator.csproj", "{6B0EF5A7-5CD4-42E1-8B5A-98B60A570198}"
EndProject
Project("{9A19103F-16F7-4668-BE54-9A1E7A4F7556}") = "ClangSharpPInvokeGenerator", "sources\ClangSharpPInvokeGenerator\ClangSharpPInvokeGenerator.csproj", "{784B45C6-7A20-4F1C-A258-D81CDD9562A6}"
EndProject
Project("{2150E333-8FDC-42A3-9474-1A3956D46DE8}") = "tests", "tests", "{394E17BB-B1EA-4A98-98C8-78ACD44182FC}"
	ProjectSection(SolutionItems) = preProject
		tests\Directory.Build.props = tests\Directory.Build.props
		tests\Directory.Build.targets = tests\Directory.Build.targets
	EndProjectSection
EndProject
Project("{9A19103F-16F7-4668-BE54-9A1E7A4F7556}") = "ClangSharp.UnitTests", "tests\ClangSharp.UnitTests\ClangSharp.UnitTests.csproj", "{4D0B43E1-921A-469F-A847-4473B2AF5172}"
EndProject
Project("{9A19103F-16F7-4668-BE54-9A1E7A4F7556}") = "ClangSharp.PInvokeGenerator.UnitTests", "tests\ClangSharp.PInvokeGenerator.UnitTests\ClangSharp.PInvokeGenerator.UnitTests.csproj", "{9D29BA0E-79C6-484E-B630-86A9510F1B74}"
EndProject
Project("{2150E333-8FDC-42A3-9474-1A3956D46DE8}") = "scripts", "scripts", "{2F805BB5-6089-44E3-8DD0-72104DBB29F0}"
	ProjectSection(SolutionItems) = preProject
		scripts\azure-pipelines.yml = scripts\azure-pipelines.yml
		scripts\azure-unix.yml = scripts\azure-unix.yml
		scripts\azure-windows.yml = scripts\azure-windows.yml
		scripts\build.ps1 = scripts\build.ps1
		scripts\build.sh = scripts\build.sh
		scripts\cibuild.cmd = scripts\cibuild.cmd
		scripts\cibuild.sh = scripts\cibuild.sh
	EndProjectSection
EndProject
Project("{2150E333-8FDC-42A3-9474-1A3956D46DE8}") = "packages", "packages", "{AE6CF12F-5CC3-463B-A74B-6CCAE26EE4EF}"
EndProject
Project("{2150E333-8FDC-42A3-9474-1A3956D46DE8}") = "libclang", "libclang", "{DFACF682-2673-4AE1-8F10-816D025C2D45}"
EndProject
Project("{2150E333-8FDC-42A3-9474-1A3956D46DE8}") = "libclang", "libclang", "{C8DB18BE-701A-46C4-98F9-2524914CB5DC}"
	ProjectSection(SolutionItems) = preProject
		packages\libclang\libclang\libclang.nuspec = packages\libclang\libclang\libclang.nuspec
		packages\libclang\libclang\LICENSE.TXT = packages\libclang\libclang\LICENSE.TXT
		packages\libclang\libclang\runtime.json = packages\libclang\libclang\runtime.json
	EndProjectSection
EndProject
Project("{2150E333-8FDC-42A3-9474-1A3956D46DE8}") = "libclang.runtime.freebsd.11-x64", "libclang.runtime.freebsd.11-x64", "{C90094F6-26DF-4B2C-BD61-540D4CE988A4}"
	ProjectSection(SolutionItems) = preProject
		packages\libclang\libclang.runtime.freebsd.11-x64\libclang.runtime.freebsd.11-x64.nuspec = packages\libclang\libclang.runtime.freebsd.11-x64\libclang.runtime.freebsd.11-x64.nuspec
	EndProjectSection
EndProject
Project("{2150E333-8FDC-42A3-9474-1A3956D46DE8}") = "libclang.runtime.freebsd.11-x86", "libclang.runtime.freebsd.11-x86", "{C57B4A74-2791-44C3-92D3-9B8AD5993F27}"
	ProjectSection(SolutionItems) = preProject
		packages\libclang\libclang.runtime.freebsd.11-x86\libclang.runtime.freebsd.11-x86.nuspec = packages\libclang\libclang.runtime.freebsd.11-x86\libclang.runtime.freebsd.11-x86.nuspec
	EndProjectSection
EndProject
Project("{2150E333-8FDC-42A3-9474-1A3956D46DE8}") = "libclang.runtime.linux-arm", "libclang.runtime.linux-arm", "{F9915660-2229-418C-B269-83FE74C1943E}"
	ProjectSection(SolutionItems) = preProject
		packages\libclang\libclang.runtime.linux-arm\libclang.runtime.linux-arm.nuspec = packages\libclang\libclang.runtime.linux-arm\libclang.runtime.linux-arm.nuspec
	EndProjectSection
EndProject
Project("{2150E333-8FDC-42A3-9474-1A3956D46DE8}") = "libclang.runtime.linux-arm64", "libclang.runtime.linux-arm64", "{7D89072F-8E3E-4009-BCCD-5D3C69F88042}"
	ProjectSection(SolutionItems) = preProject
		packages\libclang\libclang.runtime.linux-arm64\libclang.runtime.linux-arm64.nuspec = packages\libclang\libclang.runtime.linux-arm64\libclang.runtime.linux-arm64.nuspec
	EndProjectSection
EndProject
Project("{2150E333-8FDC-42A3-9474-1A3956D46DE8}") = "libclang.runtime.osx-x64", "libclang.runtime.osx-x64", "{8006B5D7-5E0E-4A0A-884F-62C5216144EE}"
	ProjectSection(SolutionItems) = preProject
		packages\libclang\libclang.runtime.osx-x64\libclang.runtime.osx-x64.nuspec = packages\libclang\libclang.runtime.osx-x64\libclang.runtime.osx-x64.nuspec
	EndProjectSection
EndProject
Project("{2150E333-8FDC-42A3-9474-1A3956D46DE8}") = "libclang.runtime.ubuntu.18.04-x64", "libclang.runtime.ubuntu.18.04-x64", "{8756B75F-F244-43AD-9C79-1610059BDF36}"
	ProjectSection(SolutionItems) = preProject
		packages\libclang\libclang.runtime.ubuntu.18.04-x64\libclang.runtime.ubuntu.18.04-x64.nuspec = packages\libclang\libclang.runtime.ubuntu.18.04-x64\libclang.runtime.ubuntu.18.04-x64.nuspec
	EndProjectSection
EndProject
Project("{2150E333-8FDC-42A3-9474-1A3956D46DE8}") = "libclang.runtime.win-x64", "libclang.runtime.win-x64", "{4A298C7E-BF4D-418D-B70D-FE6D6F8097FD}"
	ProjectSection(SolutionItems) = preProject
		packages\libclang\libclang.runtime.win-x64\libclang.runtime.win-x64.nuspec = packages\libclang\libclang.runtime.win-x64\libclang.runtime.win-x64.nuspec
	EndProjectSection
EndProject
Project("{2150E333-8FDC-42A3-9474-1A3956D46DE8}") = "libclang.runtime.win-x86", "libclang.runtime.win-x86", "{98BDA79D-8D81-4381-B794-65BAF82349D4}"
	ProjectSection(SolutionItems) = preProject
		packages\libclang\libclang.runtime.win-x86\libclang.runtime.win-x86.nuspec = packages\libclang\libclang.runtime.win-x86\libclang.runtime.win-x86.nuspec
	EndProjectSection
EndProject
Project("{2150E333-8FDC-42A3-9474-1A3956D46DE8}") = "libClangSharp", "libClangSharp", "{EDEC2130-DA14-4415-91A3-225733FB61F8}"
EndProject
Project("{2150E333-8FDC-42A3-9474-1A3956D46DE8}") = "libClangSharp", "libClangSharp", "{B043C50D-8B06-4663-943A-DEBB6CFACEA6}"
	ProjectSection(SolutionItems) = preProject
		packages\libClangSharp\libClangSharp\libClangSharp.nuspec = packages\libClangSharp\libClangSharp\libClangSharp.nuspec
		packages\libClangSharp\libClangSharp\LICENSE.TXT = packages\libClangSharp\libClangSharp\LICENSE.TXT
		packages\libClangSharp\libClangSharp\NOTICE.TXT = packages\libClangSharp\libClangSharp\NOTICE.TXT
		packages\libClangSharp\libClangSharp\runtime.json = packages\libClangSharp\libClangSharp\runtime.json
	EndProjectSection
EndProject
Project("{2150E333-8FDC-42A3-9474-1A3956D46DE8}") = "libClangSharp.runtime.freebsd.11-x64", "libClangSharp.runtime.freebsd.11-x64", "{8DCBB5E9-A44C-462F-B9FE-418B18EC7E31}"
	ProjectSection(SolutionItems) = preProject
		packages\libClangSharp\libClangSharp.runtime.freebsd.11-x64\libClangSharp.runtime.freebsd.11-x64.nuspec = packages\libClangSharp\libClangSharp.runtime.freebsd.11-x64\libClangSharp.runtime.freebsd.11-x64.nuspec
	EndProjectSection
EndProject
Project("{2150E333-8FDC-42A3-9474-1A3956D46DE8}") = "libClangSharp.runtime.freebsd.11-x86", "libClangSharp.runtime.freebsd.11-x86", "{47E5622B-77C6-44B7-8528-F03C3B63A217}"
	ProjectSection(SolutionItems) = preProject
		packages\libClangSharp\libClangSharp.runtime.freebsd.11-x86\libClangSharp.runtime.freebsd.11-x86.nuspec = packages\libClangSharp\libClangSharp.runtime.freebsd.11-x86\libClangSharp.runtime.freebsd.11-x86.nuspec
	EndProjectSection
EndProject
Project("{2150E333-8FDC-42A3-9474-1A3956D46DE8}") = "libClangSharp.runtime.linux-arm", "libClangSharp.runtime.linux-arm", "{B48A71F0-AF48-4010-941F-AF24FDB614F2}"
	ProjectSection(SolutionItems) = preProject
		packages\libClangSharp\libClangSharp.runtime.linux-arm\libClangSharp.runtime.linux-arm.nuspec = packages\libClangSharp\libClangSharp.runtime.linux-arm\libClangSharp.runtime.linux-arm.nuspec
	EndProjectSection
EndProject
Project("{2150E333-8FDC-42A3-9474-1A3956D46DE8}") = "libClangSharp.runtime.linux-arm64", "libClangSharp.runtime.linux-arm64", "{4F2F7171-202E-4E23-AABF-EB3501BDB0B2}"
	ProjectSection(SolutionItems) = preProject
		packages\libClangSharp\libClangSharp.runtime.linux-arm64\libClangSharp.runtime.linux-arm64.nuspec = packages\libClangSharp\libClangSharp.runtime.linux-arm64\libClangSharp.runtime.linux-arm64.nuspec
	EndProjectSection
EndProject
Project("{2150E333-8FDC-42A3-9474-1A3956D46DE8}") = "libClangSharp.runtime.osx-x64", "libClangSharp.runtime.osx-x64", "{C2BE41E6-95E9-431A-9C49-923BD50692AB}"
	ProjectSection(SolutionItems) = preProject
		packages\libClangSharp\libClangSharp.runtime.osx-x64\libClangSharp.runtime.osx-x64.nuspec = packages\libClangSharp\libClangSharp.runtime.osx-x64\libClangSharp.runtime.osx-x64.nuspec
	EndProjectSection
EndProject
Project("{2150E333-8FDC-42A3-9474-1A3956D46DE8}") = "libClangSharp.runtime.ubuntu.18.04-x64", "libClangSharp.runtime.ubuntu.18.04-x64", "{A04F314B-2373-496E-879F-763B5C8EAF00}"
	ProjectSection(SolutionItems) = preProject
		packages\libClangSharp\libClangSharp.runtime.ubuntu.18.04-x64\libClangSharp.runtime.ubuntu.18.04-x64.nuspec = packages\libClangSharp\libClangSharp.runtime.ubuntu.18.04-x64\libClangSharp.runtime.ubuntu.18.04-x64.nuspec
	EndProjectSection
EndProject
Project("{2150E333-8FDC-42A3-9474-1A3956D46DE8}") = "libClangSharp.runtime.ubuntu.20.04-x64", "libClangSharp.runtime.ubuntu.20.04-x64", "{21997B0D-AE07-4F1E-8042-84EB399269D5}"
	ProjectSection(SolutionItems) = preProject
		packages\libClangSharp\libClangSharp.runtime.ubuntu.20.04-x64\libClangSharp.runtime.ubuntu.20.04-x64.nuspec = packages\libClangSharp\libClangSharp.runtime.ubuntu.20.04-x64\libClangSharp.runtime.ubuntu.20.04-x64.nuspec
	EndProjectSection
EndProject
Project("{2150E333-8FDC-42A3-9474-1A3956D46DE8}") = "libClangSharp.runtime.win-x64", "libClangSharp.runtime.win-x64", "{C1218464-0B5A-480E-BA13-2C6EA370987E}"
	ProjectSection(SolutionItems) = preProject
		packages\libClangSharp\libClangSharp.runtime.win-x64\libClangSharp.runtime.win-x64.nuspec = packages\libClangSharp\libClangSharp.runtime.win-x64\libClangSharp.runtime.win-x64.nuspec
	EndProjectSection
EndProject
Project("{2150E333-8FDC-42A3-9474-1A3956D46DE8}") = "libClangSharp.runtime.win-x86", "libClangSharp.runtime.win-x86", "{6DF42BA2-F962-4BFC-9444-D0FD53D022B0}"
	ProjectSection(SolutionItems) = preProject
		packages\libClangSharp\libClangSharp.runtime.win-x86\libClangSharp.runtime.win-x86.nuspec = packages\libClangSharp\libClangSharp.runtime.win-x86\libClangSharp.runtime.win-x86.nuspec
	EndProjectSection
EndProject
Project("{2150E333-8FDC-42A3-9474-1A3956D46DE8}") = "libClangSharp", "libClangSharp", "{520C1055-34A1-4C72-AC24-023F84EF461D}"
	ProjectSection(SolutionItems) = preProject
		sources\libClangSharp\CIndexDiagnostic.cpp = sources\libClangSharp\CIndexDiagnostic.cpp
		sources\libClangSharp\CIndexDiagnostic.h = sources\libClangSharp\CIndexDiagnostic.h
		sources\libClangSharp\ClangSharp.cpp = sources\libClangSharp\ClangSharp.cpp
		sources\libClangSharp\ClangSharp.h = sources\libClangSharp\ClangSharp.h
		sources\libClangSharp\CMakeLists.txt = sources\libClangSharp\CMakeLists.txt
		sources\libClangSharp\CXCursor.cpp = sources\libClangSharp\CXCursor.cpp
		sources\libClangSharp\CXCursor.h = sources\libClangSharp\CXCursor.h
		sources\libClangSharp\CXLoadedDiagnostic.cpp = sources\libClangSharp\CXLoadedDiagnostic.cpp
		sources\libClangSharp\CXLoadedDiagnostic.h = sources\libClangSharp\CXLoadedDiagnostic.h
		sources\libClangSharp\CXSourceLocation.cpp = sources\libClangSharp\CXSourceLocation.cpp
		sources\libClangSharp\CXSourceLocation.h = sources\libClangSharp\CXSourceLocation.h
		sources\libClangSharp\CXString.cpp = sources\libClangSharp\CXString.cpp
		sources\libClangSharp\CXString.h = sources\libClangSharp\CXString.h
		sources\libClangSharp\CXTranslationUnit.cpp = sources\libClangSharp\CXTranslationUnit.cpp
		sources\libClangSharp\CXTranslationUnit.h = sources\libClangSharp\CXTranslationUnit.h
		sources\libClangSharp\CXType.cpp = sources\libClangSharp\CXType.cpp
		sources\libClangSharp\CXType.h = sources\libClangSharp\CXType.h
	EndProjectSection
EndProject
Project("{2150E333-8FDC-42A3-9474-1A3956D46DE8}") = "libclang.runtime.ubuntu.20.04-x64", "libclang.runtime.ubuntu.20.04-x64", "{DD1C0393-4144-4A08-AD27-C98DC1A85023}"
	ProjectSection(SolutionItems) = preProject
		packages\libclang\libclang.runtime.ubuntu.20.04-x64\libclang.runtime.ubuntu.20.04-x64.nuspec = packages\libclang\libclang.runtime.ubuntu.20.04-x64\libclang.runtime.ubuntu.20.04-x64.nuspec
	EndProjectSection
EndProject
Project("{2150E333-8FDC-42A3-9474-1A3956D46DE8}") = "libclang.runtime.ubuntu.21.04-x64", "libclang.runtime.ubuntu.21.04-x64", "{F3254760-351E-4886-A243-FF3778837C40}"
	ProjectSection(SolutionItems) = preProject
		packages\libclang\libclang.runtime.ubuntu.21.04-x64\libclang.runtime.ubuntu.21.04-x64.nuspec = packages\libclang\libclang.runtime.ubuntu.21.04-x64\libclang.runtime.ubuntu.21.04-x64.nuspec
	EndProjectSection
EndProject
Project("{2150E333-8FDC-42A3-9474-1A3956D46DE8}") = "libclang.runtime.win-arm64", "libclang.runtime.win-arm64", "{B3F3A831-DA09-40A2-A25C-DE47A58BB93B}"
	ProjectSection(SolutionItems) = preProject
		packages\libclang\libclang.runtime.win-arm64\libclang.runtime.win-arm64.nuspec = packages\libclang\libclang.runtime.win-arm64\libclang.runtime.win-arm64.nuspec
	EndProjectSection
EndProject
Project("{2150E333-8FDC-42A3-9474-1A3956D46DE8}") = "libClangSharp.runtime.ubuntu.21.04-x64", "libClangSharp.runtime.ubuntu.21.04-x64", "{D90C3C52-DA8D-44BB-B8B0-3E4EF4CBF4DC}"
	ProjectSection(SolutionItems) = preProject
		packages\libClangSharp\libClangSharp.runtime.ubuntu.21.04-x64\libClangSharp.runtime.ubuntu.21.04-x64.nuspec = packages\libClangSharp\libClangSharp.runtime.ubuntu.21.04-x64\libClangSharp.runtime.ubuntu.21.04-x64.nuspec
	EndProjectSection
EndProject
Project("{2150E333-8FDC-42A3-9474-1A3956D46DE8}") = "libClangSharp.runtime.win-arm64", "libClangSharp.runtime.win-arm64", "{69B805C6-230D-49A2-A569-3CAC2EC9F293}"
	ProjectSection(SolutionItems) = preProject
		packages\libClangSharp\libClangSharp.runtime.win-arm64\libClangSharp.runtime.win-arm64.nuspec = packages\libClangSharp\libClangSharp.runtime.win-arm64\libClangSharp.runtime.win-arm64.nuspec
	EndProjectSection
EndProject
Global
	GlobalSection(SolutionConfigurationPlatforms) = preSolution
		Debug|Any CPU = Debug|Any CPU
		Release|Any CPU = Release|Any CPU
	EndGlobalSection
	GlobalSection(ProjectConfigurationPlatforms) = postSolution
		{A9D62BAC-5F38-4A37-8911-1F5952955C78}.Debug|Any CPU.ActiveCfg = Debug|Any CPU
		{A9D62BAC-5F38-4A37-8911-1F5952955C78}.Debug|Any CPU.Build.0 = Debug|Any CPU
		{A9D62BAC-5F38-4A37-8911-1F5952955C78}.Release|Any CPU.ActiveCfg = Release|Any CPU
		{A9D62BAC-5F38-4A37-8911-1F5952955C78}.Release|Any CPU.Build.0 = Release|Any CPU
		{6B0EF5A7-5CD4-42E1-8B5A-98B60A570198}.Debug|Any CPU.ActiveCfg = Debug|Any CPU
		{6B0EF5A7-5CD4-42E1-8B5A-98B60A570198}.Debug|Any CPU.Build.0 = Debug|Any CPU
		{6B0EF5A7-5CD4-42E1-8B5A-98B60A570198}.Release|Any CPU.ActiveCfg = Release|Any CPU
		{6B0EF5A7-5CD4-42E1-8B5A-98B60A570198}.Release|Any CPU.Build.0 = Release|Any CPU
		{784B45C6-7A20-4F1C-A258-D81CDD9562A6}.Debug|Any CPU.ActiveCfg = Debug|Any CPU
		{784B45C6-7A20-4F1C-A258-D81CDD9562A6}.Debug|Any CPU.Build.0 = Debug|Any CPU
		{784B45C6-7A20-4F1C-A258-D81CDD9562A6}.Release|Any CPU.ActiveCfg = Release|Any CPU
		{784B45C6-7A20-4F1C-A258-D81CDD9562A6}.Release|Any CPU.Build.0 = Release|Any CPU
		{4D0B43E1-921A-469F-A847-4473B2AF5172}.Debug|Any CPU.ActiveCfg = Debug|Any CPU
		{4D0B43E1-921A-469F-A847-4473B2AF5172}.Debug|Any CPU.Build.0 = Debug|Any CPU
		{4D0B43E1-921A-469F-A847-4473B2AF5172}.Release|Any CPU.ActiveCfg = Release|Any CPU
		{4D0B43E1-921A-469F-A847-4473B2AF5172}.Release|Any CPU.Build.0 = Release|Any CPU
		{9D29BA0E-79C6-484E-B630-86A9510F1B74}.Debug|Any CPU.ActiveCfg = Debug|Any CPU
		{9D29BA0E-79C6-484E-B630-86A9510F1B74}.Debug|Any CPU.Build.0 = Debug|Any CPU
		{9D29BA0E-79C6-484E-B630-86A9510F1B74}.Release|Any CPU.ActiveCfg = Release|Any CPU
		{9D29BA0E-79C6-484E-B630-86A9510F1B74}.Release|Any CPU.Build.0 = Release|Any CPU
	EndGlobalSection
	GlobalSection(SolutionProperties) = preSolution
		HideSolutionNode = FALSE
	EndGlobalSection
	GlobalSection(NestedProjects) = preSolution
		{A9D62BAC-5F38-4A37-8911-1F5952955C78} = {732BA761-B58E-4C34-9C96-097382A55A7A}
		{6B0EF5A7-5CD4-42E1-8B5A-98B60A570198} = {732BA761-B58E-4C34-9C96-097382A55A7A}
		{784B45C6-7A20-4F1C-A258-D81CDD9562A6} = {732BA761-B58E-4C34-9C96-097382A55A7A}
		{4D0B43E1-921A-469F-A847-4473B2AF5172} = {394E17BB-B1EA-4A98-98C8-78ACD44182FC}
		{9D29BA0E-79C6-484E-B630-86A9510F1B74} = {394E17BB-B1EA-4A98-98C8-78ACD44182FC}
		{DFACF682-2673-4AE1-8F10-816D025C2D45} = {AE6CF12F-5CC3-463B-A74B-6CCAE26EE4EF}
		{C8DB18BE-701A-46C4-98F9-2524914CB5DC} = {DFACF682-2673-4AE1-8F10-816D025C2D45}
		{C90094F6-26DF-4B2C-BD61-540D4CE988A4} = {DFACF682-2673-4AE1-8F10-816D025C2D45}
		{C57B4A74-2791-44C3-92D3-9B8AD5993F27} = {DFACF682-2673-4AE1-8F10-816D025C2D45}
		{F9915660-2229-418C-B269-83FE74C1943E} = {DFACF682-2673-4AE1-8F10-816D025C2D45}
		{7D89072F-8E3E-4009-BCCD-5D3C69F88042} = {DFACF682-2673-4AE1-8F10-816D025C2D45}
		{8006B5D7-5E0E-4A0A-884F-62C5216144EE} = {DFACF682-2673-4AE1-8F10-816D025C2D45}
		{8756B75F-F244-43AD-9C79-1610059BDF36} = {DFACF682-2673-4AE1-8F10-816D025C2D45}
		{4A298C7E-BF4D-418D-B70D-FE6D6F8097FD} = {DFACF682-2673-4AE1-8F10-816D025C2D45}
		{98BDA79D-8D81-4381-B794-65BAF82349D4} = {DFACF682-2673-4AE1-8F10-816D025C2D45}
		{EDEC2130-DA14-4415-91A3-225733FB61F8} = {AE6CF12F-5CC3-463B-A74B-6CCAE26EE4EF}
		{B043C50D-8B06-4663-943A-DEBB6CFACEA6} = {EDEC2130-DA14-4415-91A3-225733FB61F8}
		{8DCBB5E9-A44C-462F-B9FE-418B18EC7E31} = {EDEC2130-DA14-4415-91A3-225733FB61F8}
		{47E5622B-77C6-44B7-8528-F03C3B63A217} = {EDEC2130-DA14-4415-91A3-225733FB61F8}
		{B48A71F0-AF48-4010-941F-AF24FDB614F2} = {EDEC2130-DA14-4415-91A3-225733FB61F8}
		{4F2F7171-202E-4E23-AABF-EB3501BDB0B2} = {EDEC2130-DA14-4415-91A3-225733FB61F8}
		{C2BE41E6-95E9-431A-9C49-923BD50692AB} = {EDEC2130-DA14-4415-91A3-225733FB61F8}
		{A04F314B-2373-496E-879F-763B5C8EAF00} = {EDEC2130-DA14-4415-91A3-225733FB61F8}
		{21997B0D-AE07-4F1E-8042-84EB399269D5} = {EDEC2130-DA14-4415-91A3-225733FB61F8}
		{C1218464-0B5A-480E-BA13-2C6EA370987E} = {EDEC2130-DA14-4415-91A3-225733FB61F8}
		{6DF42BA2-F962-4BFC-9444-D0FD53D022B0} = {EDEC2130-DA14-4415-91A3-225733FB61F8}
		{520C1055-34A1-4C72-AC24-023F84EF461D} = {732BA761-B58E-4C34-9C96-097382A55A7A}
		{DD1C0393-4144-4A08-AD27-C98DC1A85023} = {DFACF682-2673-4AE1-8F10-816D025C2D45}
		{F3254760-351E-4886-A243-FF3778837C40} = {DFACF682-2673-4AE1-8F10-816D025C2D45}
		{B3F3A831-DA09-40A2-A25C-DE47A58BB93B} = {DFACF682-2673-4AE1-8F10-816D025C2D45}
		{D90C3C52-DA8D-44BB-B8B0-3E4EF4CBF4DC} = {EDEC2130-DA14-4415-91A3-225733FB61F8}
		{69B805C6-230D-49A2-A569-3CAC2EC9F293} = {EDEC2130-DA14-4415-91A3-225733FB61F8}
	EndGlobalSection
	GlobalSection(ExtensibilityGlobals) = postSolution
		SolutionGuid = {A9D18E0B-5409-457D-B5F3-0E217136BB01}
	EndGlobalSection
EndGlobal
