Microsoft Visual Studio Solution File, Format Version 12.00
# Visual Studio Version 16
VisualStudioVersion = 16.0.28803.202
MinimumVisualStudioVersion = 15.0.26124.0
Project("{9A19103F-16F7-4668-BE54-9A1E7A4F7556}") = "ClangSharp", "ClangSharp\ClangSharp.csproj", "{0FD900AC-F002-4E0F-8E5A-B3465EF6ABA6}"
EndProject
Project("{9A19103F-16F7-4668-BE54-9A1E7A4F7556}") = "ClangSharp.Test", "ClangSharp.Test\ClangSharp.Test.csproj", "{EAE33CD4-CC2B-4A2E-B3CE-6EBF6C87DCF2}"
EndProject
Project("{9A19103F-16F7-4668-BE54-9A1E7A4F7556}") = "ClangSharpPInvokeGenerator", "ClangSharpPInvokeGenerator\ClangSharpPInvokeGenerator.csproj", "{4E3FE01B-89FA-4E5B-856C-34A5E29110A9}"
EndProject
Global
	GlobalSection(SolutionConfigurationPlatforms) = preSolution
		Debug|Any CPU = Debug|Any CPU
		Release|Any CPU = Release|Any CPU
	EndGlobalSection
	GlobalSection(ProjectConfigurationPlatforms) = postSolution
		{0FD900AC-F002-4E0F-8E5A-B3465EF6ABA6}.Debug|Any CPU.ActiveCfg = Debug|Any CPU
		{0FD900AC-F002-4E0F-8E5A-B3465EF6ABA6}.Debug|Any CPU.Build.0 = Debug|Any CPU
		{0FD900AC-F002-4E0F-8E5A-B3465EF6ABA6}.Release|Any CPU.ActiveCfg = Release|Any CPU
		{0FD900AC-F002-4E0F-8E5A-B3465EF6ABA6}.Release|Any CPU.Build.0 = Release|Any CPU
		{EAE33CD4-CC2B-4A2E-B3CE-6EBF6C87DCF2}.Debug|Any CPU.ActiveCfg = Debug|Any CPU
		{EAE33CD4-CC2B-4A2E-B3CE-6EBF6C87DCF2}.Debug|Any CPU.Build.0 = Debug|Any CPU
		{EAE33CD4-CC2B-4A2E-B3CE-6EBF6C87DCF2}.Release|Any CPU.ActiveCfg = Release|Any CPU
		{EAE33CD4-CC2B-4A2E-B3CE-6EBF6C87DCF2}.Release|Any CPU.Build.0 = Release|Any CPU
		{4E3FE01B-89FA-4E5B-856C-34A5E29110A9}.Debug|Any CPU.ActiveCfg = Debug|Any CPU
		{4E3FE01B-89FA-4E5B-856C-34A5E29110A9}.Debug|Any CPU.Build.0 = Debug|Any CPU
		{4E3FE01B-89FA-4E5B-856C-34A5E29110A9}.Release|Any CPU.ActiveCfg = Release|Any CPU
		{4E3FE01B-89FA-4E5B-856C-34A5E29110A9}.Release|Any CPU.Build.0 = Release|Any CPU
	EndGlobalSection
	GlobalSection(SolutionProperties) = preSolution
		HideSolutionNode = FALSE
	EndGlobalSection
	GlobalSection(ExtensibilityGlobals) = postSolution
		SolutionGuid = {A9D18E0B-5409-457D-B5F3-0E217136BB01}
	EndGlobalSection
EndGlobal
